github.com/creack/pty v1.1.9/go.mod h1:oKZEueFk5CKHvIhNR5MUki03XCEU+Q6VDXinZuGJ33E=
github.com/frostyard/nbc v0.14.0 h1:LsLuMEXDDfjbCvI0SUnqTZ4x53elKlgf7t0p1Aefhlc=
github.com/frostyard/nbc v0.14.0/go.mod h1:10VB3hCCdq0iWclievPXRS2YJ8wgs0cEwktJNEP8nj4=
github.com/frostyard/pm v0.2.1 h1:nlRfH47XQ345bfRHvZQSLcLfpFFsP3RNBTTQKaupwUE=
github.com/frostyard/pm v0.2.1/go.mod h1:eHQ4EC4UFgfq9YLGZVFMrtQcPjJnVlAFBLfSyk9rmwY=
github.com/frostyard/pm/progress v0.1.0 h1:pCxrGSMLO7AF3xn5Uw2dB2iA0o4QjR/DTdQTNQTsksE=
github.com/frostyard/pm/progress v0.1.0/go.mod h1:RAxYAznK1kwgq1+HYc292SLlgr12itigenOYKEsBHEM=
github.com/google/uuid v1.6.0 h1:NIvaJDMOsjHA8n1jAhLSgzrAzy1Hgr+hNrb57e+94F0=
github.com/google/uuid v1.6.0/go.mod h1:TIyPZe4MgqvfeYDBFedMoGGpEw/LqOeaOT+nhxU+yHo=
github.com/jwijenbergh/purego v0.0.0-20251017112123-b71757b9ba42 h1:kQ0LX4ffJvtONhymro3HzrB8XUa6dIGgrbnkl38Rgl0=
github.com/jwijenbergh/purego v0.0.0-20251017112123-b71757b9ba42/go.mod h1:amE5lVGstyh2GTEIHFEbgJHmoMD0llIuapnzIlZx7Fc=
github.com/jwijenbergh/puregotk v0.0.0-20260115100645-c78e1521129b h1:V1Fap0BIdI1DbO4Q1cgLcDJm/wBSgkX0S73wZLwPXyI=
github.com/jwijenbergh/puregotk v0.0.0-20260115100645-c78e1521129b/go.mod h1:mZu8qSvCSqtVL+xoiebZuicnJijwrLfGRs6/eTVgFlc=
github.com/kr/pretty v0.2.1/go.mod h1:ipq/a2n7PKx3OHsz4KJII5eveXtPO4qwEXGdVfWzfnI=
github.com/kr/pretty v0.3.1 h1:flRD4NNwYAUpkphVc1HcthR4KEIFJ65n8Mw5qdRn3LE=
github.com/kr/pretty v0.3.1/go.mod h1:hoEshYVHaxMs3cyo3Yncou5ZscifuDolrwPKZanG3xk=
github.com/kr/pty v1.1.1/go.mod h1:pFQYn66WHrOpPYNljwOMqo10TkYh1fy3cYio2l3bCsQ=
github.com/kr/text v0.1.0/go.mod h1:4Jbv+DJW3UT/LiOwJeYQe1efqtUx/iVham/4vfdArNI=
github.com/kr/text v0.2.0 h1:5Nx0Ya0ZqY2ygV366QzturHI13Jq95ApcVaJBhpS+AY=
github.com/kr/text v0.2.0/go.mod h1:eLer722TekiGuMkidMxC/pM04lWEeraHUUmBw8l2grE=
github.com/pkg/diff v0.0.0-20210226163009-20ebb0f2a09e/go.mod h1:pJLUxLENpZxwdsKMEsNbx1VGcRFpLqf3715MtcvvzbA=
github.com/rogpeppe/go-internal v1.9.0/go.mod h1:WtVeX8xhTBvf0smdhujwtBcq4Qrzq/fJaraNFVN+nFs=
github.com/rogpeppe/go-internal v1.14.1 h1:UQB4HGPB6osV0SQTLymcB4TgvyWu6ZyliaW0tI/otEQ=
github.com/rogpeppe/go-internal v1.14.1/go.mod h1:MaRKkUm5W0goXpeCfT7UZI6fk/L7L7so1lCWt35ZSgc=
golang.org/x/text v0.33.0 h1:B3njUFyqtHDUI5jMn1YIr5B0IE2U0qck04r6d4KPAxE=
golang.org/x/text v0.33.0/go.mod h1:LuMebE6+rBincTi9+xWTY8TztLzKHc/9C1uBCG27+q8=
gopkg.in/check.v1 v0.0.0-20161208181325-20d25e280405/go.mod h1:Co6ibVJAznAaIkqp8huTwlJQCZ016jof/cbN4VW5Yz0=
gopkg.in/check.v1 v1.0.0-20201130134442-10cb98267c6c h1:Hei/4ADfdWqJk1ZMxUNpqntNwaWcugrBjAiHlqqRiVk=
gopkg.in/check.v1 v1.0.0-20201130134442-10cb98267c6c/go.mod h1:JHkPIbrfpd72SG/EVd6muEfDQjcINNoR0C8j2r3qZ4Q=
gopkg.in/yaml.v3 v3.0.1 h1:fxVm/GzAzEWqLHuvctI91KS9hhNmmWOoWu0XTYJS7CA=
gopkg.in/yaml.v3 v3.0.1/go.mod h1:K4uyk7z7BCEPqu6E+C64Yfv1cQ7kz7rIZviUmN+EgEM=
